
Microsoft Visual Studio Solution File, Format Version 12.00
# Visual Studio 15
VisualStudioVersion = 15.0.27428.2015
MinimumVisualStudioVersion = 10.0.40219.1
Project("{FAE04EC0-301F-11D3-BF4B-00C04F79EFBC}") = "BitShelter.Service", "BitShelter.Service\BitShelter.Service.csproj", "{D7BC620A-4FB7-4F45-8878-01E05D8DF9AA}"
EndProject
Project("{54435603-DBB4-11D2-8724-00A0C9A8B90C}") = "Setup", "Setup\Setup.vdproj", "{12EE9AF8-5A83-4B1F-A703-FC3CBD8AECFE}"
EndProject
Project("{FAE04EC0-301F-11D3-BF4B-00C04F79EFBC}") = "BitShelter.Agent", "BitShelter.Agent\BitShelter.Agent.csproj", "{0CE528EC-8776-4C9E-96D7-74753F6B6CAF}"
EndProject
Project("{FAE04EC0-301F-11D3-BF4B-00C04F79EFBC}") = "BitShelter.Common", "BitShelter.Common\BitShelter.Common.csproj", "{51458C3D-1812-4A36-B00A-57592549C411}"
EndProject
Project("{2150E333-8FDC-42A3-9474-1A3956D46DE8}") = "Resources", "Resources", "{6EF66F5F-6EE2-4412-98E3-D3DA67010180}"
	ProjectSection(SolutionItems) = preProject
		Credits.txt = Credits.txt
	EndProjectSection
EndProject
Project("{FAE04EC0-301F-11D3-BF4B-00C04F79EFBC}") = "BitShelter.Benchmark", "BitShelter.Benchmark\BitShelter.Benchmark.csproj", "{3B65AEC6-F632-4394-B15F-8E1055934059}"
EndProject
Project("{FAE04EC0-301F-11D3-BF4B-00C04F79EFBC}") = "BitShelter.Benchmark.Console", "BitShelter.Benchmark.Console\BitShelter.Benchmark.Console.csproj", "{1914D5D4-0FDA-40D0-8533-F798BF0BBC3D}"
EndProject
Global
	GlobalSection(SolutionConfigurationPlatforms) = preSolution
		Debug|Any CPU = Debug|Any CPU
		Debug|x64 = Debug|x64
		Debug|x86 = Debug|x86
		Release|Any CPU = Release|Any CPU
		Release|x64 = Release|x64
		Release|x86 = Release|x86
	EndGlobalSection
	GlobalSection(ProjectConfigurationPlatforms) = postSolution
		{D7BC620A-4FB7-4F45-8878-01E05D8DF9AA}.Debug|Any CPU.ActiveCfg = Debug|Any CPU
		{D7BC620A-4FB7-4F45-8878-01E05D8DF9AA}.Debug|Any CPU.Build.0 = Debug|Any CPU
		{D7BC620A-4FB7-4F45-8878-01E05D8DF9AA}.Debug|x64.ActiveCfg = Debug|x64
		{D7BC620A-4FB7-4F45-8878-01E05D8DF9AA}.Debug|x64.Build.0 = Debug|x64
		{D7BC620A-4FB7-4F45-8878-01E05D8DF9AA}.Debug|x86.ActiveCfg = Debug|x86
		{D7BC620A-4FB7-4F45-8878-01E05D8DF9AA}.Debug|x86.Build.0 = Debug|x86
		{D7BC620A-4FB7-4F45-8878-01E05D8DF9AA}.Release|Any CPU.ActiveCfg = Release|Any CPU
		{D7BC620A-4FB7-4F45-8878-01E05D8DF9AA}.Release|Any CPU.Build.0 = Release|Any CPU
		{D7BC620A-4FB7-4F45-8878-01E05D8DF9AA}.Release|x64.ActiveCfg = Release|x64
		{D7BC620A-4FB7-4F45-8878-01E05D8DF9AA}.Release|x64.Build.0 = Release|x64
		{D7BC620A-4FB7-4F45-8878-01E05D8DF9AA}.Release|x86.ActiveCfg = Release|x86
		{D7BC620A-4FB7-4F45-8878-01E05D8DF9AA}.Release|x86.Build.0 = Release|x86
		{12EE9AF8-5A83-4B1F-A703-FC3CBD8AECFE}.Debug|Any CPU.ActiveCfg = Debug
		{12EE9AF8-5A83-4B1F-A703-FC3CBD8AECFE}.Debug|x64.ActiveCfg = Debug
		{12EE9AF8-5A83-4B1F-A703-FC3CBD8AECFE}.Debug|x86.ActiveCfg = Debug
		{12EE9AF8-5A83-4B1F-A703-FC3CBD8AECFE}.Debug|x86.Build.0 = Debug
		{12EE9AF8-5A83-4B1F-A703-FC3CBD8AECFE}.Release|Any CPU.ActiveCfg = Release
		{12EE9AF8-5A83-4B1F-A703-FC3CBD8AECFE}.Release|x64.ActiveCfg = Release
		{12EE9AF8-5A83-4B1F-A703-FC3CBD8AECFE}.Release|x64.Build.0 = Release
		{12EE9AF8-5A83-4B1F-A703-FC3CBD8AECFE}.Release|x86.ActiveCfg = Release
		{12EE9AF8-5A83-4B1F-A703-FC3CBD8AECFE}.Release|x86.Build.0 = Release
		{0CE528EC-8776-4C9E-96D7-74753F6B6CAF}.Debug|Any CPU.ActiveCfg = Debug|Any CPU
		{0CE528EC-8776-4C9E-96D7-74753F6B6CAF}.Debug|Any CPU.Build.0 = Debug|Any CPU
		{0CE528EC-8776-4C9E-96D7-74753F6B6CAF}.Debug|x64.ActiveCfg = Debug|x64
		{0CE528EC-8776-4C9E-96D7-74753F6B6CAF}.Debug|x64.Build.0 = Debug|x64
		{0CE528EC-8776-4C9E-96D7-74753F6B6CAF}.Debug|x86.ActiveCfg = Debug|x86
		{0CE528EC-8776-4C9E-96D7-74753F6B6CAF}.Debug|x86.Build.0 = Debug|x86
		{0CE528EC-8776-4C9E-96D7-74753F6B6CAF}.Release|Any CPU.ActiveCfg = Release|Any CPU
		{0CE528EC-8776-4C9E-96D7-74753F6B6CAF}.Release|Any CPU.Build.0 = Release|Any CPU
		{0CE528EC-8776-4C9E-96D7-74753F6B6CAF}.Release|x64.ActiveCfg = Release|x64
		{0CE528EC-8776-4C9E-96D7-74753F6B6CAF}.Release|x64.Build.0 = Release|x64
		{0CE528EC-8776-4C9E-96D7-74753F6B6CAF}.Release|x86.ActiveCfg = Release|x86
		{0CE528EC-8776-4C9E-96D7-74753F6B6CAF}.Release|x86.Build.0 = Release|x86
		{51458C3D-1812-4A36-B00A-57592549C411}.Debug|Any CPU.ActiveCfg = Debug|Any CPU
		{51458C3D-1812-4A36-B00A-57592549C411}.Debug|Any CPU.Build.0 = Debug|Any CPU
		{51458C3D-1812-4A36-B00A-57592549C411}.Debug|x64.ActiveCfg = Debug|x64
		{51458C3D-1812-4A36-B00A-57592549C411}.Debug|x64.Build.0 = Debug|x64
		{51458C3D-1812-4A36-B00A-57592549C411}.Debug|x86.ActiveCfg = Debug|x86
		{51458C3D-1812-4A36-B00A-57592549C411}.Debug|x86.Build.0 = Debug|x86
		{51458C3D-1812-4A36-B00A-57592549C411}.Release|Any CPU.ActiveCfg = Release|Any CPU
		{51458C3D-1812-4A36-B00A-57592549C411}.Release|Any CPU.Build.0 = Release|Any CPU
		{51458C3D-1812-4A36-B00A-57592549C411}.Release|x64.ActiveCfg = Release|x64
		{51458C3D-1812-4A36-B00A-57592549C411}.Release|x64.Build.0 = Release|x64
		{51458C3D-1812-4A36-B00A-57592549C411}.Release|x86.ActiveCfg = Release|x86
		{51458C3D-1812-4A36-B00A-57592549C411}.Release|x86.Build.0 = Release|x86
		{3B65AEC6-F632-4394-B15F-8E1055934059}.Debug|Any CPU.ActiveCfg = Debug|Any CPU
		{3B65AEC6-F632-4394-B15F-8E1055934059}.Debug|Any CPU.Build.0 = Debug|Any CPU
		{3B65AEC6-F632-4394-B15F-8E1055934059}.Debug|x64.ActiveCfg = Debug|x64
		{3B65AEC6-F632-4394-B15F-8E1055934059}.Debug|x64.Build.0 = Debug|x64
		{3B65AEC6-F632-4394-B15F-8E1055934059}.Debug|x86.ActiveCfg = Debug|x86
		{3B65AEC6-F632-4394-B15F-8E1055934059}.Debug|x86.Build.0 = Debug|x86
		{3B65AEC6-F632-4394-B15F-8E1055934059}.Release|Any CPU.ActiveCfg = Release|Any CPU
		{3B65AEC6-F632-4394-B15F-8E1055934059}.Release|Any CPU.Build.0 = Release|Any CPU
		{3B65AEC6-F632-4394-B15F-8E1055934059}.Release|x64.ActiveCfg = Release|x64
		{3B65AEC6-F632-4394-B15F-8E1055934059}.Release|x64.Build.0 = Release|x64
		{3B65AEC6-F632-4394-B15F-8E1055934059}.Release|x86.ActiveCfg = Release|x86
		{3B65AEC6-F632-4394-B15F-8E1055934059}.Release|x86.Build.0 = Release|x86
		{1914D5D4-0FDA-40D0-8533-F798BF0BBC3D}.Debug|Any CPU.ActiveCfg = Debug|Any CPU
		{1914D5D4-0FDA-40D0-8533-F798BF0BBC3D}.Debug|Any CPU.Build.0 = Debug|Any CPU
		{1914D5D4-0FDA-40D0-8533-F798BF0BBC3D}.Debug|x64.ActiveCfg = Debug|x64
		{1914D5D4-0FDA-40D0-8533-F798BF0BBC3D}.Debug|x64.Build.0 = Debug|x64
		{1914D5D4-0FDA-40D0-8533-F798BF0BBC3D}.Debug|x86.ActiveCfg = Debug|x86
		{1914D5D4-0FDA-40D0-8533-F798BF0BBC3D}.Debug|x86.Build.0 = Debug|x86
		{1914D5D4-0FDA-40D0-8533-F798BF0BBC3D}.Release|Any CPU.ActiveCfg = Release|Any CPU
		{1914D5D4-0FDA-40D0-8533-F798BF0BBC3D}.Release|Any CPU.Build.0 = Release|Any CPU
		{1914D5D4-0FDA-40D0-8533-F798BF0BBC3D}.Release|x64.ActiveCfg = Release|x64
		{1914D5D4-0FDA-40D0-8533-F798BF0BBC3D}.Release|x64.Build.0 = Release|x64
		{1914D5D4-0FDA-40D0-8533-F798BF0BBC3D}.Release|x86.ActiveCfg = Release|x86
		{1914D5D4-0FDA-40D0-8533-F798BF0BBC3D}.Release|x86.Build.0 = Release|x86
	EndGlobalSection
	GlobalSection(SolutionProperties) = preSolution
		HideSolutionNode = FALSE
	EndGlobalSection
	GlobalSection(ExtensibilityGlobals) = postSolution
		SolutionGuid = {77DFD267-CADE-4A42-9E1A-F9D4E7D24E02}
	EndGlobalSection
EndGlobal
