
Microsoft Visual Studio Solution File, Format Version 12.00
# Visual Studio 15
VisualStudioVersion = 15.0.27428.2015
MinimumVisualStudioVersion = 10.0.40219.1
Project("{FAE04EC0-301F-11D3-BF4B-00C04F79EFBC}") = "BitShelter.Service", "BitShelter.Service\BitShelter.Service.csproj", "{D7BC620A-4FB7-4F45-8878-01E05D8DF9AA}"
EndProject
Project("{FAE04EC0-301F-11D3-BF4B-00C04F79EFBC}") = "BitShelter.Agent", "BitShelter.Agent\BitShelter.Agent.csproj", "{0CE528EC-8776-4C9E-96D7-74753F6B6CAF}"
EndProject
Project("{FAE04EC0-301F-11D3-BF4B-00C04F79EFBC}") = "BitShelter.Common", "BitShelter.Common\BitShelter.Common.csproj", "{51458C3D-1812-4A36-B00A-57592549C411}"
EndProject
Project("{2150E333-8FDC-42A3-9474-1A3956D46DE8}") = "Resources", "Resources", "{6EF66F5F-6EE2-4412-98E3-D3DA67010180}"
	ProjectSection(SolutionItems) = preProject
		Credits.txt = Credits.txt
	EndProjectSection
EndProject
Project("{FAE04EC0-301F-11D3-BF4B-00C04F79EFBC}") = "BitShelter.Benchmark", "BitShelter.Benchmark\BitShelter.Benchmark.csproj", "{3B65AEC6-F632-4394-B15F-8E1055934059}"
EndProject
Project("{FAE04EC0-301F-11D3-BF4B-00C04F79EFBC}") = "BitShelter.Benchmark.Console", "BitShelter.Benchmark.Console\BitShelter.Benchmark.Console.csproj", "{1914D5D4-0FDA-40D0-8533-F798BF0BBC3D}"
EndProject
Project("{930C7802-8A8C-48F9-8165-68863BCCD9DD}") = "BitShelter.Setup", "BitShelter.Setup\BitShelter.Setup.wixproj", "{4E2E476A-07CA-4AFF-93FC-3C44192C5DC6}"
EndProject
Project("{930C7802-8A8C-48F9-8165-68863BCCD9DD}") = "BitShelter.Setup.Bootstrapper", "BitShelter.Setup.Bootstrapper\BitShelter.Setup.Bootstrapper.wixproj", "{394D2DB2-8C29-45F4-BF8D-61A9F916383F}"
EndProject
Global
	GlobalSection(SolutionConfigurationPlatforms) = preSolution
		Debug|x64 = Debug|x64
		Debug|x86 = Debug|x86
		Release|x64 = Release|x64
		Release|x86 = Release|x86
	EndGlobalSection
	GlobalSection(ProjectConfigurationPlatforms) = postSolution
		{D7BC620A-4FB7-4F45-8878-01E05D8DF9AA}.Debug|x64.ActiveCfg = Debug|x64
		{D7BC620A-4FB7-4F45-8878-01E05D8DF9AA}.Debug|x64.Build.0 = Debug|x64
		{D7BC620A-4FB7-4F45-8878-01E05D8DF9AA}.Debug|x86.ActiveCfg = Debug|x86
		{D7BC620A-4FB7-4F45-8878-01E05D8DF9AA}.Debug|x86.Build.0 = Debug|x86
		{D7BC620A-4FB7-4F45-8878-01E05D8DF9AA}.Release|x64.ActiveCfg = Release|x64
		{D7BC620A-4FB7-4F45-8878-01E05D8DF9AA}.Release|x64.Build.0 = Release|x64
		{D7BC620A-4FB7-4F45-8878-01E05D8DF9AA}.Release|x86.ActiveCfg = Release|x86
		{D7BC620A-4FB7-4F45-8878-01E05D8DF9AA}.Release|x86.Build.0 = Release|x86
		{0CE528EC-8776-4C9E-96D7-74753F6B6CAF}.Debug|x64.ActiveCfg = Debug|x64
		{0CE528EC-8776-4C9E-96D7-74753F6B6CAF}.Debug|x64.Build.0 = Debug|x64
		{0CE528EC-8776-4C9E-96D7-74753F6B6CAF}.Debug|x86.ActiveCfg = Debug|x86
		{0CE528EC-8776-4C9E-96D7-74753F6B6CAF}.Debug|x86.Build.0 = Debug|x86
		{0CE528EC-8776-4C9E-96D7-74753F6B6CAF}.Release|x64.ActiveCfg = Release|x64
		{0CE528EC-8776-4C9E-96D7-74753F6B6CAF}.Release|x64.Build.0 = Release|x64
		{0CE528EC-8776-4C9E-96D7-74753F6B6CAF}.Release|x86.ActiveCfg = Release|x86
		{0CE528EC-8776-4C9E-96D7-74753F6B6CAF}.Release|x86.Build.0 = Release|x86
		{51458C3D-1812-4A36-B00A-57592549C411}.Debug|x64.ActiveCfg = Debug|x64
		{51458C3D-1812-4A36-B00A-57592549C411}.Debug|x64.Build.0 = Debug|x64
		{51458C3D-1812-4A36-B00A-57592549C411}.Debug|x86.ActiveCfg = Debug|x86
		{51458C3D-1812-4A36-B00A-57592549C411}.Debug|x86.Build.0 = Debug|x86
		{51458C3D-1812-4A36-B00A-57592549C411}.Release|x64.ActiveCfg = Release|x64
		{51458C3D-1812-4A36-B00A-57592549C411}.Release|x64.Build.0 = Release|x64
		{51458C3D-1812-4A36-B00A-57592549C411}.Release|x86.ActiveCfg = Release|x86
		{51458C3D-1812-4A36-B00A-57592549C411}.Release|x86.Build.0 = Release|x86
		{3B65AEC6-F632-4394-B15F-8E1055934059}.Debug|x64.ActiveCfg = Debug|x64
		{3B65AEC6-F632-4394-B15F-8E1055934059}.Debug|x64.Build.0 = Debug|x64
		{3B65AEC6-F632-4394-B15F-8E1055934059}.Debug|x86.ActiveCfg = Debug|x86
		{3B65AEC6-F632-4394-B15F-8E1055934059}.Debug|x86.Build.0 = Debug|x86
		{3B65AEC6-F632-4394-B15F-8E1055934059}.Release|x64.ActiveCfg = Release|x64
		{3B65AEC6-F632-4394-B15F-8E1055934059}.Release|x64.Build.0 = Release|x64
		{3B65AEC6-F632-4394-B15F-8E1055934059}.Release|x86.ActiveCfg = Release|x86
		{3B65AEC6-F632-4394-B15F-8E1055934059}.Release|x86.Build.0 = Release|x86
		{1914D5D4-0FDA-40D0-8533-F798BF0BBC3D}.Debug|x64.ActiveCfg = Debug|x64
		{1914D5D4-0FDA-40D0-8533-F798BF0BBC3D}.Debug|x64.Build.0 = Debug|x64
		{1914D5D4-0FDA-40D0-8533-F798BF0BBC3D}.Debug|x86.ActiveCfg = Debug|x86
		{1914D5D4-0FDA-40D0-8533-F798BF0BBC3D}.Debug|x86.Build.0 = Debug|x86
		{1914D5D4-0FDA-40D0-8533-F798BF0BBC3D}.Release|x64.ActiveCfg = Release|x64
		{1914D5D4-0FDA-40D0-8533-F798BF0BBC3D}.Release|x64.Build.0 = Release|x64
		{1914D5D4-0FDA-40D0-8533-F798BF0BBC3D}.Release|x86.ActiveCfg = Release|x86
		{1914D5D4-0FDA-40D0-8533-F798BF0BBC3D}.Release|x86.Build.0 = Release|x86
		{4E2E476A-07CA-4AFF-93FC-3C44192C5DC6}.Debug|x64.ActiveCfg = Debug|x86
		{4E2E476A-07CA-4AFF-93FC-3C44192C5DC6}.Debug|x86.ActiveCfg = Debug|x86
		{4E2E476A-07CA-4AFF-93FC-3C44192C5DC6}.Debug|x86.Build.0 = Debug|x86
		{4E2E476A-07CA-4AFF-93FC-3C44192C5DC6}.Release|x64.ActiveCfg = Release|x64
		{4E2E476A-07CA-4AFF-93FC-3C44192C5DC6}.Release|x86.ActiveCfg = Release|x86
		{394D2DB2-8C29-45F4-BF8D-61A9F916383F}.Debug|x64.ActiveCfg = Debug|x86
		{394D2DB2-8C29-45F4-BF8D-61A9F916383F}.Debug|x86.ActiveCfg = Debug|x86
		{394D2DB2-8C29-45F4-BF8D-61A9F916383F}.Debug|x86.Build.0 = Debug|x86
		{394D2DB2-8C29-45F4-BF8D-61A9F916383F}.Release|x64.ActiveCfg = Release|x86
		{394D2DB2-8C29-45F4-BF8D-61A9F916383F}.Release|x86.ActiveCfg = Release|x86
		{394D2DB2-8C29-45F4-BF8D-61A9F916383F}.Release|x86.Build.0 = Release|x86
	EndGlobalSection
	GlobalSection(SolutionProperties) = preSolution
		HideSolutionNode = FALSE
	EndGlobalSection
	GlobalSection(ExtensibilityGlobals) = postSolution
		SolutionGuid = {77DFD267-CADE-4A42-9E1A-F9D4E7D24E02}
	EndGlobalSection
EndGlobal
